
Microsoft Visual Studio Solution File, Format Version 12.00
Project("{FAE04EC0-301F-11D3-BF4B-00C04F79EFBC}") = "main", "main\main.csproj", "{A45D361F-571C-490E-97DB-22E751F69CDC}"
EndProject
Global
	GlobalSection(SolutionConfigurationPlatforms) = preSolution
		Debug|Any CPU = Debug|Any CPU
		Release|Any CPU = Release|Any CPU
	EndGlobalSection
	GlobalSection(ProjectConfigurationPlatforms) = postSolution
		{A45D361F-571C-490E-97DB-22E751F69CDC}.Debug|Any CPU.ActiveCfg = Debug|Any CPU
		{A45D361F-571C-490E-97DB-22E751F69CDC}.Debug|Any CPU.Build.0 = Debug|Any CPU
		{A45D361F-571C-490E-97DB-22E751F69CDC}.Release|Any CPU.ActiveCfg = Release|Any CPU
		{A45D361F-571C-490E-97DB-22E751F69CDC}.Release|Any CPU.Build.0 = Release|Any CPU
	EndGlobalSection
EndGlobal
